
Microsoft Visual Studio Solution File, Format Version 12.00
# Visual Studio Version 17
VisualStudioVersion = 17.14.36511.14 d17.14
MinimumVisualStudioVersion = 10.0.40219.1
Project("{FAE04EC0-301F-11D3-BF4B-00C04F79EFBC}") = "CalorieTracker.PL", "CalorieTracker.PL\CalorieTracker.PL.csproj", "{5AF5E690-646C-4D55-A80E-BD9D1AF66375}"
EndProject
Project("{FAE04EC0-301F-11D3-BF4B-00C04F79EFBC}") = "CalorieTracker.BLL", "CalorieTracker.BLL\CalorieTracker.BLL.csproj", "{781615FE-21B5-4801-B4DC-6DD6476B2643}"
EndProject
Project("{FAE04EC0-301F-11D3-BF4B-00C04F79EFBC}") = "CalorieTracker.DAL", "CalorieTracker.DAL\CalorieTracker.DAL.csproj", "{8DCA84BE-33E2-43FB-9DF9-D4F02D8CC627}"
EndProject
Global
	GlobalSection(SolutionConfigurationPlatforms) = preSolution
		Debug|Any CPU = Debug|Any CPU
		Release|Any CPU = Release|Any CPU
	EndGlobalSection
	GlobalSection(ProjectConfigurationPlatforms) = postSolution
		{5AF5E690-646C-4D55-A80E-BD9D1AF66375}.Debug|Any CPU.ActiveCfg = Debug|Any CPU
		{5AF5E690-646C-4D55-A80E-BD9D1AF66375}.Debug|Any CPU.Build.0 = Debug|Any CPU
		{5AF5E690-646C-4D55-A80E-BD9D1AF66375}.Release|Any CPU.ActiveCfg = Release|Any CPU
		{5AF5E690-646C-4D55-A80E-BD9D1AF66375}.Release|Any CPU.Build.0 = Release|Any CPU
		{781615FE-21B5-4801-B4DC-6DD6476B2643}.Debug|Any CPU.ActiveCfg = Debug|Any CPU
		{781615FE-21B5-4801-B4DC-6DD6476B2643}.Debug|Any CPU.Build.0 = Debug|Any CPU
		{781615FE-21B5-4801-B4DC-6DD6476B2643}.Release|Any CPU.ActiveCfg = Release|Any CPU
		{781615FE-21B5-4801-B4DC-6DD6476B2643}.Release|Any CPU.Build.0 = Release|Any CPU
		{8DCA84BE-33E2-43FB-9DF9-D4F02D8CC627}.Debug|Any CPU.ActiveCfg = Debug|Any CPU
		{8DCA84BE-33E2-43FB-9DF9-D4F02D8CC627}.Debug|Any CPU.Build.0 = Debug|Any CPU
		{8DCA84BE-33E2-43FB-9DF9-D4F02D8CC627}.Release|Any CPU.ActiveCfg = Release|Any CPU
		{8DCA84BE-33E2-43FB-9DF9-D4F02D8CC627}.Release|Any CPU.Build.0 = Release|Any CPU
	EndGlobalSection
	GlobalSection(SolutionProperties) = preSolution
		HideSolutionNode = FALSE
	EndGlobalSection
	GlobalSection(ExtensibilityGlobals) = postSolution
		SolutionGuid = {164CFE91-20F3-4803-8BFC-0E8C107BBED8}
	EndGlobalSection
EndGlobal
